
Microsoft Visual Studio Solution File, Format Version 12.00
# Visual Studio Version 16
VisualStudioVersion = 16.0.30804.86
MinimumVisualStudioVersion = 10.0.40219.1
Project("{2150E333-8FDC-42A3-9474-1A3956D46DE8}") = "Applications", "Applications", "{1C6E7298-8310-4BAD-B207-1E82105E6896}"
EndProject
Project("{2150E333-8FDC-42A3-9474-1A3956D46DE8}") = "Tests", "Tests", "{E772551C-6B1F-464C-BB72-91A8AEC9D2A7}"
EndProject
Project("{2150E333-8FDC-42A3-9474-1A3956D46DE8}") = "Libraries", "Libraries", "{C3E218E7-2C93-442D-99C2-DF55182BF6A0}"
EndProject
Project("{2150E333-8FDC-42A3-9474-1A3956D46DE8}") = "Workers", "Workers", "{9A2E0A52-CA26-4CFA-85E4-30EE4FD6D272}"
EndProject
Project("{9A19103F-16F7-4668-BE54-9A1E7A4F7556}") = "DevTrack.TrackerWorkerService", "DevTrack.TrackerWorkerService\DevTrack.TrackerWorkerService.csproj", "{1890AA61-4E15-457F-B6FA-CECE313C122C}"
	ProjectSection(ProjectDependencies) = postProject
		{7C6D6221-1397-441D-A3F2-3BC93914F88C} = {7C6D6221-1397-441D-A3F2-3BC93914F88C}
	EndProjectSection
EndProject
Project("{9A19103F-16F7-4668-BE54-9A1E7A4F7556}") = "DevTrack.Foundation.Tests", "DevTrack.Foundation.Tests\DevTrack.Foundation.Tests.csproj", "{34675FF2-89D4-4A79-86FF-7B23DDB313E6}"
EndProject
Project("{9A19103F-16F7-4668-BE54-9A1E7A4F7556}") = "DevTrack.Foundation", "DevTrack.Foundation\DevTrack.Foundation.csproj", "{6502D8F2-16C9-4322-834F-B9EFF96915F3}"
EndProject
Project("{9A19103F-16F7-4668-BE54-9A1E7A4F7556}") = "DevTrack.DataAccessLayer", "DevTrack.DataAccessLayer\DevTrack.DataAccessLayer.csproj", "{B69F4F20-856F-489B-98BD-7F83AF0C1945}"
EndProject
Project("{9A19103F-16F7-4668-BE54-9A1E7A4F7556}") = "DevTrack.Web", "DevTrack.Web\DevTrack.Web.csproj", "{E2A4A2A5-0976-41BE-84BA-149D2DC12B70}"
EndProject
Project("{9A19103F-16F7-4668-BE54-9A1E7A4F7556}") = "DevTrack.Membership", "DevTrack.Membership\DevTrack.Membership.csproj", "{5C5387B8-FE50-4405-AF03-470AB17827B7}"
EndProject
Project("{2150E333-8FDC-42A3-9474-1A3956D46DE8}") = "API", "API", "{33DCC2EF-5A71-47C6-BE29-837EA102363B}"
EndProject
Project("{9A19103F-16F7-4668-BE54-9A1E7A4F7556}") = "DevTrack.API", "DevTrack.API\DevTrack.API.csproj", "{7C6D6221-1397-441D-A3F2-3BC93914F88C}"
EndProject
Project("{9A19103F-16F7-4668-BE54-9A1E7A4F7556}") = "DevTrack.SyncWokerService", "DevTrack.SyncWokerService\DevTrack.SyncWokerService.csproj", "{4F89B5B2-0943-4BCD-B9FE-FF8460E81D16}"
EndProject
Global
	GlobalSection(SolutionConfigurationPlatforms) = preSolution
		Debug|Any CPU = Debug|Any CPU
		Release|Any CPU = Release|Any CPU
	EndGlobalSection
	GlobalSection(ProjectConfigurationPlatforms) = postSolution
		{1890AA61-4E15-457F-B6FA-CECE313C122C}.Debug|Any CPU.ActiveCfg = Debug|Any CPU
		{1890AA61-4E15-457F-B6FA-CECE313C122C}.Debug|Any CPU.Build.0 = Debug|Any CPU
		{1890AA61-4E15-457F-B6FA-CECE313C122C}.Release|Any CPU.ActiveCfg = Release|Any CPU
		{1890AA61-4E15-457F-B6FA-CECE313C122C}.Release|Any CPU.Build.0 = Release|Any CPU
		{34675FF2-89D4-4A79-86FF-7B23DDB313E6}.Debug|Any CPU.ActiveCfg = Debug|Any CPU
		{34675FF2-89D4-4A79-86FF-7B23DDB313E6}.Debug|Any CPU.Build.0 = Debug|Any CPU
		{34675FF2-89D4-4A79-86FF-7B23DDB313E6}.Release|Any CPU.ActiveCfg = Release|Any CPU
		{34675FF2-89D4-4A79-86FF-7B23DDB313E6}.Release|Any CPU.Build.0 = Release|Any CPU
		{6502D8F2-16C9-4322-834F-B9EFF96915F3}.Debug|Any CPU.ActiveCfg = Debug|Any CPU
		{6502D8F2-16C9-4322-834F-B9EFF96915F3}.Debug|Any CPU.Build.0 = Debug|Any CPU
		{6502D8F2-16C9-4322-834F-B9EFF96915F3}.Release|Any CPU.ActiveCfg = Release|Any CPU
		{6502D8F2-16C9-4322-834F-B9EFF96915F3}.Release|Any CPU.Build.0 = Release|Any CPU
		{B69F4F20-856F-489B-98BD-7F83AF0C1945}.Debug|Any CPU.ActiveCfg = Debug|Any CPU
		{B69F4F20-856F-489B-98BD-7F83AF0C1945}.Debug|Any CPU.Build.0 = Debug|Any CPU
		{B69F4F20-856F-489B-98BD-7F83AF0C1945}.Release|Any CPU.ActiveCfg = Release|Any CPU
		{B69F4F20-856F-489B-98BD-7F83AF0C1945}.Release|Any CPU.Build.0 = Release|Any CPU
		{E2A4A2A5-0976-41BE-84BA-149D2DC12B70}.Debug|Any CPU.ActiveCfg = Debug|Any CPU
		{E2A4A2A5-0976-41BE-84BA-149D2DC12B70}.Debug|Any CPU.Build.0 = Debug|Any CPU
		{E2A4A2A5-0976-41BE-84BA-149D2DC12B70}.Release|Any CPU.ActiveCfg = Release|Any CPU
		{E2A4A2A5-0976-41BE-84BA-149D2DC12B70}.Release|Any CPU.Build.0 = Release|Any CPU
		{5C5387B8-FE50-4405-AF03-470AB17827B7}.Debug|Any CPU.ActiveCfg = Debug|Any CPU
		{5C5387B8-FE50-4405-AF03-470AB17827B7}.Debug|Any CPU.Build.0 = Debug|Any CPU
		{5C5387B8-FE50-4405-AF03-470AB17827B7}.Release|Any CPU.ActiveCfg = Release|Any CPU
		{5C5387B8-FE50-4405-AF03-470AB17827B7}.Release|Any CPU.Build.0 = Release|Any CPU
		{7C6D6221-1397-441D-A3F2-3BC93914F88C}.Debug|Any CPU.ActiveCfg = Debug|Any CPU
		{7C6D6221-1397-441D-A3F2-3BC93914F88C}.Debug|Any CPU.Build.0 = Debug|Any CPU
		{7C6D6221-1397-441D-A3F2-3BC93914F88C}.Release|Any CPU.ActiveCfg = Release|Any CPU
		{7C6D6221-1397-441D-A3F2-3BC93914F88C}.Release|Any CPU.Build.0 = Release|Any CPU
		{4F89B5B2-0943-4BCD-B9FE-FF8460E81D16}.Debug|Any CPU.ActiveCfg = Debug|Any CPU
		{4F89B5B2-0943-4BCD-B9FE-FF8460E81D16}.Debug|Any CPU.Build.0 = Debug|Any CPU
		{4F89B5B2-0943-4BCD-B9FE-FF8460E81D16}.Release|Any CPU.ActiveCfg = Release|Any CPU
		{4F89B5B2-0943-4BCD-B9FE-FF8460E81D16}.Release|Any CPU.Build.0 = Release|Any CPU
	EndGlobalSection
	GlobalSection(SolutionProperties) = preSolution
		HideSolutionNode = FALSE
	EndGlobalSection
	GlobalSection(NestedProjects) = preSolution
		{1890AA61-4E15-457F-B6FA-CECE313C122C} = {9A2E0A52-CA26-4CFA-85E4-30EE4FD6D272}
		{34675FF2-89D4-4A79-86FF-7B23DDB313E6} = {E772551C-6B1F-464C-BB72-91A8AEC9D2A7}
		{6502D8F2-16C9-4322-834F-B9EFF96915F3} = {C3E218E7-2C93-442D-99C2-DF55182BF6A0}
		{B69F4F20-856F-489B-98BD-7F83AF0C1945} = {C3E218E7-2C93-442D-99C2-DF55182BF6A0}
		{E2A4A2A5-0976-41BE-84BA-149D2DC12B70} = {1C6E7298-8310-4BAD-B207-1E82105E6896}
		{5C5387B8-FE50-4405-AF03-470AB17827B7} = {C3E218E7-2C93-442D-99C2-DF55182BF6A0}
		{7C6D6221-1397-441D-A3F2-3BC93914F88C} = {33DCC2EF-5A71-47C6-BE29-837EA102363B}
		{4F89B5B2-0943-4BCD-B9FE-FF8460E81D16} = {9A2E0A52-CA26-4CFA-85E4-30EE4FD6D272}
	EndGlobalSection
	GlobalSection(ExtensibilityGlobals) = postSolution
		SolutionGuid = {49E50985-FA3E-4C1A-B1B8-9DADF431FF38}
	EndGlobalSection
EndGlobal
